
Microsoft Visual Studio Solution File, Format Version 12.00
# Visual Studio Version 16
VisualStudioVersion = 16.0.31702.278
MinimumVisualStudioVersion = 10.0.40219.1
Project("{FAE04EC0-301F-11D3-BF4B-00C04F79EFBC}") = "Team_InstructionDecoder", "Team_InstructionDecoder\Team_InstructionDecoder.csproj", "{28D4DE12-6838-4E4F-86B8-7CD5F48E385B}"
EndProject
Global
	GlobalSection(SolutionConfigurationPlatforms) = preSolution
		Debug|Any CPU = Debug|Any CPU
		Release|Any CPU = Release|Any CPU
	EndGlobalSection
	GlobalSection(ProjectConfigurationPlatforms) = postSolution
		{28D4DE12-6838-4E4F-86B8-7CD5F48E385B}.Debug|Any CPU.ActiveCfg = Debug|Any CPU
		{28D4DE12-6838-4E4F-86B8-7CD5F48E385B}.Debug|Any CPU.Build.0 = Debug|Any CPU
		{28D4DE12-6838-4E4F-86B8-7CD5F48E385B}.Release|Any CPU.ActiveCfg = Release|Any CPU
		{28D4DE12-6838-4E4F-86B8-7CD5F48E385B}.Release|Any CPU.Build.0 = Release|Any CPU
	EndGlobalSection
	GlobalSection(SolutionProperties) = preSolution
		HideSolutionNode = FALSE
	EndGlobalSection
	GlobalSection(ExtensibilityGlobals) = postSolution
		SolutionGuid = {F22E898B-B5FE-4BBD-8662-F75D5DE864FC}
	EndGlobalSection
EndGlobal
